
Microsoft Visual Studio Solution File, Format Version 12.00
# Visual Studio Version 17
VisualStudioVersion = 17.5.002.0
MinimumVisualStudioVersion = 10.0.40219.1
Project("{9A19103F-16F7-4668-BE54-9A1E7A4F7556}") = "Mangas", "Mangas.csproj", "{ED8A4CDA-2A2F-4E86-BF78-0CFE50EF51EA}"
EndProject
Global
	GlobalSection(SolutionConfigurationPlatforms) = preSolution
		Debug|Any CPU = Debug|Any CPU
		Release|Any CPU = Release|Any CPU
	EndGlobalSection
	GlobalSection(ProjectConfigurationPlatforms) = postSolution
		{ED8A4CDA-2A2F-4E86-BF78-0CFE50EF51EA}.Debug|Any CPU.ActiveCfg = Debug|Any CPU
		{ED8A4CDA-2A2F-4E86-BF78-0CFE50EF51EA}.Debug|Any CPU.Build.0 = Debug|Any CPU
		{ED8A4CDA-2A2F-4E86-BF78-0CFE50EF51EA}.Release|Any CPU.ActiveCfg = Release|Any CPU
		{ED8A4CDA-2A2F-4E86-BF78-0CFE50EF51EA}.Release|Any CPU.Build.0 = Release|Any CPU
	EndGlobalSection
	GlobalSection(SolutionProperties) = preSolution
		HideSolutionNode = FALSE
	EndGlobalSection
	GlobalSection(ExtensibilityGlobals) = postSolution
		SolutionGuid = {2324F35D-B203-4A31-ADEE-EEBB533F4F29}
	EndGlobalSection
EndGlobal
